
Microsoft Visual Studio Solution File, Format Version 12.00
# Visual Studio Version 16
VisualStudioVersion = 16.0.30621.155
MinimumVisualStudioVersion = 10.0.40219.1
Project("{FAE04EC0-301F-11D3-BF4B-00C04F79EFBC}") = "Exercicio", "Exercicio\Exercicio.csproj", "{24F2DA8E-752C-4A33-A594-0E477C2AAEA4}"
EndProject
Global
	GlobalSection(SolutionConfigurationPlatforms) = preSolution
		Debug|Any CPU = Debug|Any CPU
		Release|Any CPU = Release|Any CPU
	EndGlobalSection
	GlobalSection(ProjectConfigurationPlatforms) = postSolution
		{24F2DA8E-752C-4A33-A594-0E477C2AAEA4}.Debug|Any CPU.ActiveCfg = Debug|Any CPU
		{24F2DA8E-752C-4A33-A594-0E477C2AAEA4}.Debug|Any CPU.Build.0 = Debug|Any CPU
		{24F2DA8E-752C-4A33-A594-0E477C2AAEA4}.Release|Any CPU.ActiveCfg = Release|Any CPU
		{24F2DA8E-752C-4A33-A594-0E477C2AAEA4}.Release|Any CPU.Build.0 = Release|Any CPU
	EndGlobalSection
	GlobalSection(SolutionProperties) = preSolution
		HideSolutionNode = FALSE
	EndGlobalSection
	GlobalSection(ExtensibilityGlobals) = postSolution
		SolutionGuid = {AD624505-7DA7-41A3-B66A-B08102DD4E69}
	EndGlobalSection
EndGlobal
